// !$*UTF8*$!
{
	archiveVersion = 1;
	classes = {
	};
	objectVersion = 46;
	objects = {

/* Begin PBXBuildFile section */
		F422C81F1EF8706A00FB16F4 /* AppDelegate.swift in Sources */ = {isa = PBXBuildFile; fileRef = F422C81E1EF8706A00FB16F4 /* AppDelegate.swift */; };
		F422C8211EF8706A00FB16F4 /* ViewController.swift in Sources */ = {isa = PBXBuildFile; fileRef = F422C8201EF8706A00FB16F4 /* ViewController.swift */; };
		F422C8231EF8706A00FB16F4 /* Assets.xcassets in Resources */ = {isa = PBXBuildFile; fileRef = F422C8221EF8706A00FB16F4 /* Assets.xcassets */; };
		F422C8261EF8706A00FB16F4 /* Main.storyboard in Resources */ = {isa = PBXBuildFile; fileRef = F422C8241EF8706A00FB16F4 /* Main.storyboard */; };
		F422C82E1EF8712600FB16F4 /* Randomizer.swift in Sources */ = {isa = PBXBuildFile; fileRef = F422C82D1EF8712600FB16F4 /* Randomizer.swift */; };
/* End PBXBuildFile section */

/* Begin PBXFileReference section */
		F422C81B1EF8706A00FB16F4 /* Randomizer.app */ = {isa = PBXFileReference; explicitFileType = wrapper.application; includeInIndex = 0; path = Randomizer.app; sourceTree = BUILT_PRODUCTS_DIR; };
		F422C81E1EF8706A00FB16F4 /* AppDelegate.swift */ = {isa = PBXFileReference; lastKnownFileType = sourcecode.swift; path = AppDelegate.swift; sourceTree = "<group>"; };
		F422C8201EF8706A00FB16F4 /* ViewController.swift */ = {isa = PBXFileReference; lastKnownFileType = sourcecode.swift; path = ViewController.swift; sourceTree = "<group>"; wrapsLines = 0; };
		F422C8221EF8706A00FB16F4 /* Assets.xcassets */ = {isa = PBXFileReference; lastKnownFileType = folder.assetcatalog; path = Assets.xcassets; sourceTree = "<group>"; };
		F422C8251EF8706A00FB16F4 /* Base */ = {isa = PBXFileReference; lastKnownFileType = file.storyboard; name = Base; path = Base.lproj/Main.storyboard; sourceTree = "<group>"; };
		F422C8271EF8706A00FB16F4 /* Info.plist */ = {isa = PBXFileReference; lastKnownFileType = text.plist.xml; path = Info.plist; sourceTree = "<group>"; };
		F422C82D1EF8712600FB16F4 /* Randomizer.swift */ = {isa = PBXFileReference; fileEncoding = 4; lastKnownFileType = sourcecode.swift; path = Randomizer.swift; sourceTree = "<group>"; wrapsLines = 0; };
		F422C82F1EF89CB600FB16F4 /* Readme.md */ = {isa = PBXFileReference; lastKnownFileType = net.daringfireball.markdown; path = Readme.md; sourceTree = "<group>"; };
/* End PBXFileReference section */

/* Begin PBXFrameworksBuildPhase section */
		F422C8181EF8706A00FB16F4 /* Frameworks */ = {
			isa = PBXFrameworksBuildPhase;
			buildActionMask = 2147483647;
			files = (
			);
			runOnlyForDeploymentPostprocessing = 0;
		};
/* End PBXFrameworksBuildPhase section */

/* Begin PBXGroup section */
		F422C8121EF8706A00FB16F4 = {
			isa = PBXGroup;
			children = (
				F422C82F1EF89CB600FB16F4 /* Readme.md */,
				F422C81D1EF8706A00FB16F4 /* Randomizer */,
				F422C81C1EF8706A00FB16F4 /* Products */,
			);
			sourceTree = "<group>";
		};
		F422C81C1EF8706A00FB16F4 /* Products */ = {
			isa = PBXGroup;
			children = (
				F422C81B1EF8706A00FB16F4 /* Randomizer.app */,
			);
			name = Products;
			sourceTree = "<group>";
		};
		F422C81D1EF8706A00FB16F4 /* Randomizer */ = {
			isa = PBXGroup;
			children = (
				F422C8271EF8706A00FB16F4 /* Info.plist */,
				F422C81E1EF8706A00FB16F4 /* AppDelegate.swift */,
				F422C8201EF8706A00FB16F4 /* ViewController.swift */,
				F422C82D1EF8712600FB16F4 /* Randomizer.swift */,
				F422C8241EF8706A00FB16F4 /* Main.storyboard */,
				F422C8221EF8706A00FB16F4 /* Assets.xcassets */,
			);
			path = Randomizer;
			sourceTree = "<group>";
		};
/* End PBXGroup section */

/* Begin PBXNativeTarget section */
		F422C81A1EF8706A00FB16F4 /* Randomizer */ = {
			isa = PBXNativeTarget;
			buildConfigurationList = F422C82A1EF8706A00FB16F4 /* Build configuration list for PBXNativeTarget "Randomizer" */;
			buildPhases = (
				F422C8171EF8706A00FB16F4 /* Sources */,
				F422C8181EF8706A00FB16F4 /* Frameworks */,
				F422C8191EF8706A00FB16F4 /* Resources */,
			);
			buildRules = (
			);
			dependencies = (
			);
			name = Randomizer;
			productName = Randomizer;
			productReference = F422C81B1EF8706A00FB16F4 /* Randomizer.app */;
			productType = "com.apple.product-type.application";
		};
/* End PBXNativeTarget section */

/* Begin PBXProject section */
		F422C8131EF8706A00FB16F4 /* Project object */ = {
			isa = PBXProject;
			attributes = {
				LastSwiftUpdateCheck = 0830;
				LastUpgradeCheck = 0830;
				ORGANIZATIONNAME = Armonia;
				TargetAttributes = {
					F422C81A1EF8706A00FB16F4 = {
						CreatedOnToolsVersion = 8.3.2;
						DevelopmentTeam = W7PMV9XFGM;
						ProvisioningStyle = Automatic;
					};
				};
			};
			buildConfigurationList = F422C8161EF8706A00FB16F4 /* Build configuration list for PBXProject "Randomizer" */;
			compatibilityVersion = "Xcode 3.2";
			developmentRegion = English;
			hasScannedForEncodings = 0;
			knownRegions = (
				en,
				Base,
			);
			mainGroup = F422C8121EF8706A00FB16F4;
			productRefGroup = F422C81C1EF8706A00FB16F4 /* Products */;
			projectDirPath = "";
			projectRoot = "";
			targets = (
				F422C81A1EF8706A00FB16F4 /* Randomizer */,
			);
		};
/* End PBXProject section */

/* Begin PBXResourcesBuildPhase section */
		F422C8191EF8706A00FB16F4 /* Resources */ = {
			isa = PBXResourcesBuildPhase;
			buildActionMask = 2147483647;
			files = (
				F422C8231EF8706A00FB16F4 /* Assets.xcassets in Resources */,
				F422C8261EF8706A00FB16F4 /* Main.storyboard in Resources */,
			);
			runOnlyForDeploymentPostprocessing = 0;
		};
/* End PBXResourcesBuildPhase section */

/* Begin PBXSourcesBuildPhase section */
		F422C8171EF8706A00FB16F4 /* Sources */ = {
			isa = PBXSourcesBuildPhase;
			buildActionMask = 2147483647;
			files = (
				F422C8211EF8706A00FB16F4 /* ViewController.swift in Sources */,
				F422C82E1EF8712600FB16F4 /* Randomizer.swift in Sources */,
				F422C81F1EF8706A00FB16F4 /* AppDelegate.swift in Sources */,
			);
			runOnlyForDeploymentPostprocessing = 0;
		};
/* End PBXSourcesBuildPhase section */

/* Begin PBXVariantGroup section */
		F422C8241EF8706A00FB16F4 /* Main.storyboard */ = {
			isa = PBXVariantGroup;
			children = (
				F422C8251EF8706A00FB16F4 /* Base */,
			);
			name = Main.storyboard;
			sourceTree = "<group>";
		};
/* End PBXVariantGroup section */

/* Begin XCBuildConfiguration section */
		F422C8281EF8706A00FB16F4 /* Debug */ = {
			isa = XCBuildConfiguration;
			buildSettings = {
				ALWAYS_SEARCH_USER_PATHS = NO;
				CLANG_ANALYZER_NONNULL = YES;
				CLANG_ANALYZER_NUMBER_OBJECT_CONVERSION = YES_AGGRESSIVE;
				CLANG_CXX_LANGUAGE_STANDARD = "gnu++0x";
				CLANG_CXX_LIBRARY = "libc++";
				CLANG_ENABLE_MODULES = YES;
				CLANG_ENABLE_OBJC_ARC = YES;
				CLANG_WARN_BOOL_CONVERSION = YES;
				CLANG_WARN_CONSTANT_CONVERSION = YES;
				CLANG_WARN_DIRECT_OBJC_ISA_USAGE = YES_ERROR;
				CLANG_WARN_DOCUMENTATION_COMMENTS = YES;
				CLANG_WARN_EMPTY_BODY = YES;
				CLANG_WARN_ENUM_CONVERSION = YES;
				CLANG_WARN_INFINITE_RECURSION = YES;
				CLANG_WARN_INT_CONVERSION = YES;
				CLANG_WARN_OBJC_ROOT_CLASS = YES_ERROR;
				CLANG_WARN_SUSPICIOUS_MOVE = YES;
				CLANG_WARN_UNREACHABLE_CODE = YES;
				CLANG_WARN__DUPLICATE_METHOD_MATCH = YES;
				CODE_SIGN_IDENTITY = "-";
				COPY_PHASE_STRIP = NO;
				DEBUG_INFORMATION_FORMAT = dwarf;
				ENABLE_STRICT_OBJC_MSGSEND = YES;
				ENABLE_TESTABILITY = YES;
				GCC_C_LANGUAGE_STANDARD = gnu99;
				GCC_DYNAMIC_NO_PIC = NO;
				GCC_NO_COMMON_BLOCKS = YES;
				GCC_OPTIMIZATION_LEVEL = 0;
				GCC_PREPROCESSOR_DEFINITIONS = (
					"DEBUG=1",
					"$(inherited)",
				);
				GCC_WARN_64_TO_32_BIT_CONVERSION = YES;
				GCC_WARN_ABOUT_RETURN_TYPE = YES_ERROR;
				GCC_WARN_UNDECLARED_SELECTOR = YES;
				GCC_WARN_UNINITIALIZED_AUTOS = YES_AGGRESSIVE;
				GCC_WARN_UNUSED_FUNCTION = YES;
				GCC_WARN_UNUSED_VARIABLE = YES;
				MACOSX_DEPLOYMENT_TARGET = 10.12;
				MTL_ENABLE_DEBUG_INFO = YES;
				ONLY_ACTIVE_ARCH = YES;
				SDKROOT = macosx;
				SWIFT_ACTIVE_COMPILATION_CONDITIONS = DEBUG;
				SWIFT_OPTIMIZATION_LEVEL = "-Onone";
			};
			name = Debug;
		};
		F422C8291EF8706A00FB16F4 /* Release */ = {
			isa = XCBuildConfiguration;
			buildSettings = {
				ALWAYS_SEARCH_USER_PATHS = NO;
				CLANG_ANALYZER_NONNULL = YES;
				CLANG_ANALYZER_NUMBER_OBJECT_CONVERSION = YES_AGGRESSIVE;
				CLANG_CXX_LANGUAGE_STANDARD = "gnu++0x";
				CLANG_CXX_LIBRARY = "libc++";
				CLANG_ENABLE_MODULES = YES;
				CLANG_ENABLE_OBJC_ARC = YES;
				CLANG_WARN_BOOL_CONVERSION = YES;
				CLANG_WARN_CONSTANT_CONVERSION = YES;
				CLANG_WARN_DIRECT_OBJC_ISA_USAGE = YES_ERROR;
				CLANG_WARN_DOCUMENTATION_COMMENTS = YES;
				CLANG_WARN_EMPTY_BODY = YES;
				CLANG_WARN_ENUM_CONVERSION = YES;
				CLANG_WARN_INFINITE_RECURSION = YES;
				CLANG_WARN_INT_CONVERSION = YES;
				CLANG_WARN_OBJC_ROOT_CLASS = YES_ERROR;
				CLANG_WARN_SUSPICIOUS_MOVE = YES;
				CLANG_WARN_UNREACHABLE_CODE = YES;
				CLANG_WARN__DUPLICATE_METHOD_MATCH = YES;
				CODE_SIGN_IDENTITY = "-";
				COPY_PHASE_STRIP = NO;
				DEBUG_INFORMATION_FORMAT = "dwarf-with-dsym";
				ENABLE_NS_ASSERTIONS = NO;
				ENABLE_STRICT_OBJC_MSGSEND = YES;
				GCC_C_LANGUAGE_STANDARD = gnu99;
				GCC_NO_COMMON_BLOCKS = YES;
				GCC_WARN_64_TO_32_BIT_CONVERSION = YES;
				GCC_WARN_ABOUT_RETURN_TYPE = YES_ERROR;
				GCC_WARN_UNDECLARED_SELECTOR = YES;
				GCC_WARN_UNINITIALIZED_AUTOS = YES_AGGRESSIVE;
				GCC_WARN_UNUSED_FUNCTION = YES;
				GCC_WARN_UNUSED_VARIABLE = YES;
				MACOSX_DEPLOYMENT_TARGET = 10.12;
				MTL_ENABLE_DEBUG_INFO = NO;
				SDKROOT = macosx;
				SWIFT_OPTIMIZATION_LEVEL = "-Owholemodule";
			};
			name = Release;
		};
		F422C82B1EF8706A00FB16F4 /* Debug */ = {
			isa = XCBuildConfiguration;
			buildSettings = {
				ASSETCATALOG_COMPILER_APPICON_NAME = AppIcon;
				COMBINE_HIDPI_IMAGES = YES;
				DEVELOPMENT_TEAM = W7PMV9XFGM;
				INFOPLIST_FILE = Randomizer/Info.plist;
				LD_RUNPATH_SEARCH_PATHS = "$(inherited) @executable_path/../Frameworks";
				MACOSX_DEPLOYMENT_TARGET = 10.10;
				PRODUCT_BUNDLE_IDENTIFIER = Armonia.Randomizer;
				PRODUCT_NAME = "$(TARGET_NAME)";
				SWIFT_VERSION = 3.0;
			};
			name = Debug;
		};
		F422C82C1EF8706A00FB16F4 /* Release */ = {
			isa = XCBuildConfiguration;
			buildSettings = {
				ASSETCATALOG_COMPILER_APPICON_NAME = AppIcon;
				COMBINE_HIDPI_IMAGES = YES;
				DEVELOPMENT_TEAM = W7PMV9XFGM;
				INFOPLIST_FILE = Randomizer/Info.plist;
				LD_RUNPATH_SEARCH_PATHS = "$(inherited) @executable_path/../Frameworks";
				MACOSX_DEPLOYMENT_TARGET = 10.10;
				PRODUCT_BUNDLE_IDENTIFIER = Armonia.Randomizer;
				PRODUCT_NAME = "$(TARGET_NAME)";
				SWIFT_VERSION = 3.0;
			};
			name = Release;
		};
/* End XCBuildConfiguration section */

/* Begin XCConfigurationList section */
		F422C8161EF8706A00FB16F4 /* Build configuration list for PBXProject "Randomizer" */ = {
			isa = XCConfigurationList;
			buildConfigurations = (
				F422C8281EF8706A00FB16F4 /* Debug */,
				F422C8291EF8706A00FB16F4 /* Release */,
			);
			defaultConfigurationIsVisible = 0;
			defaultConfigurationName = Release;
		};
		F422C82A1EF8706A00FB16F4 /* Build configuration list for PBXNativeTarget "Randomizer" */ = {
			isa = XCConfigurationList;
			buildConfigurations = (
				F422C82B1EF8706A00FB16F4 /* Debug */,
				F422C82C1EF8706A00FB16F4 /* Release */,
			);
			defaultConfigurationIsVisible = 0;
		};
/* End XCConfigurationList section */
	};
	rootObject = F422C8131EF8706A00FB16F4 /* Project object */;
}
